
Microsoft Visual Studio Solution File, Format Version 12.00
# Visual Studio 15
VisualStudioVersion = 15.0.28307.1231
MinimumVisualStudioVersion = 10.0.40219.1
Project("{8BC9CEB8-8B4A-11D0-8D11-00A0C91BC942}") = "VideoSource", "VideoSource\VideoSource.vcxproj", "{034D23AC-D6E6-4434-B8A4-CE398FE8817A}"
EndProject
Project("{8BC9CEB8-8B4A-11D0-8D11-00A0C91BC942}") = "RSKDemo", "RSKDemo\RSKDemo.vcxproj", "{06F637A6-7C63-491D-828A-074EF02F7A11}"
EndProject
Global
	GlobalSection(SolutionConfigurationPlatforms) = preSolution
		Debug|Win32 = Debug|Win32
		Debug|x64 = Debug|x64
		Release|Win32 = Release|Win32
		Release|x64 = Release|x64
	EndGlobalSection
	GlobalSection(ProjectConfigurationPlatforms) = postSolution
		{034D23AC-D6E6-4434-B8A4-CE398FE8817A}.Debug|Win32.ActiveCfg = Debug|Win32
		{034D23AC-D6E6-4434-B8A4-CE398FE8817A}.Debug|Win32.Build.0 = Debug|Win32
		{034D23AC-D6E6-4434-B8A4-CE398FE8817A}.Debug|x64.ActiveCfg = Debug|Win32
		{034D23AC-D6E6-4434-B8A4-CE398FE8817A}.Release|Win32.ActiveCfg = Release|Win32
		{034D23AC-D6E6-4434-B8A4-CE398FE8817A}.Release|Win32.Build.0 = Release|Win32
		{034D23AC-D6E6-4434-B8A4-CE398FE8817A}.Release|x64.ActiveCfg = Release|Win32
		{06F637A6-7C63-491D-828A-074EF02F7A11}.Debug|Win32.ActiveCfg = Debug|Win32
		{06F637A6-7C63-491D-828A-074EF02F7A11}.Debug|Win32.Build.0 = Debug|Win32
		{06F637A6-7C63-491D-828A-074EF02F7A11}.Debug|x64.ActiveCfg = Debug|x64
		{06F637A6-7C63-491D-828A-074EF02F7A11}.Debug|x64.Build.0 = Debug|x64
		{06F637A6-7C63-491D-828A-074EF02F7A11}.Release|Win32.ActiveCfg = Release|Win32
		{06F637A6-7C63-491D-828A-074EF02F7A11}.Release|Win32.Build.0 = Release|Win32
		{06F637A6-7C63-491D-828A-074EF02F7A11}.Release|x64.ActiveCfg = Release|x64
		{06F637A6-7C63-491D-828A-074EF02F7A11}.Release|x64.Build.0 = Release|x64
	EndGlobalSection
	GlobalSection(SolutionProperties) = preSolution
		HideSolutionNode = FALSE
	EndGlobalSection
	GlobalSection(ExtensibilityGlobals) = postSolution
		SolutionGuid = {3344FFD7-2DCB-4FCB-8837-B350B2A0B010}
	EndGlobalSection
EndGlobal
